// !$*UTF8*$!
{
	archiveVersion = 1;
	classes = {
	};
	objectVersion = 50;
	objects = {

/* Begin PBXBuildFile section */
		9BAD8CDE23FC7C7300DCE0AE /* AppDelegate.swift in Sources */ = {isa = PBXBuildFile; fileRef = 9BAD8CDD23FC7C7300DCE0AE /* AppDelegate.swift */; };
		9BAD8CE023FC7C7300DCE0AE /* SceneDelegate.swift in Sources */ = {isa = PBXBuildFile; fileRef = 9BAD8CDF23FC7C7300DCE0AE /* SceneDelegate.swift */; };
		9BAD8CE223FC7C7300DCE0AE /* ViewController.swift in Sources */ = {isa = PBXBuildFile; fileRef = 9BAD8CE123FC7C7300DCE0AE /* ViewController.swift */; };
		9BAD8CE523FC7C7300DCE0AE /* Main.storyboard in Resources */ = {isa = PBXBuildFile; fileRef = 9BAD8CE323FC7C7300DCE0AE /* Main.storyboard */; };
		9BAD8CE723FC7C7700DCE0AE /* Assets.xcassets in Resources */ = {isa = PBXBuildFile; fileRef = 9BAD8CE623FC7C7700DCE0AE /* Assets.xcassets */; };
		9BAD8CEA23FC7C7700DCE0AE /* LaunchScreen.storyboard in Resources */ = {isa = PBXBuildFile; fileRef = 9BAD8CE823FC7C7700DCE0AE /* LaunchScreen.storyboard */; };
/* End PBXBuildFile section */

/* Begin PBXFileReference section */
		9BAD8CDA23FC7C7300DCE0AE /* HW2.7.app */ = {isa = PBXFileReference; explicitFileType = wrapper.application; includeInIndex = 0; path = HW2.7.app; sourceTree = BUILT_PRODUCTS_DIR; };
		9BAD8CDD23FC7C7300DCE0AE /* AppDelegate.swift */ = {isa = PBXFileReference; lastKnownFileType = sourcecode.swift; path = AppDelegate.swift; sourceTree = "<group>"; };
		9BAD8CDF23FC7C7300DCE0AE /* SceneDelegate.swift */ = {isa = PBXFileReference; lastKnownFileType = sourcecode.swift; path = SceneDelegate.swift; sourceTree = "<group>"; };
		9BAD8CE123FC7C7300DCE0AE /* ViewController.swift */ = {isa = PBXFileReference; lastKnownFileType = sourcecode.swift; path = ViewController.swift; sourceTree = "<group>"; };
		9BAD8CE423FC7C7300DCE0AE /* Base */ = {isa = PBXFileReference; lastKnownFileType = file.storyboard; name = Base; path = Base.lproj/Main.storyboard; sourceTree = "<group>"; };
		9BAD8CE623FC7C7700DCE0AE /* Assets.xcassets */ = {isa = PBXFileReference; lastKnownFileType = folder.assetcatalog; path = Assets.xcassets; sourceTree = "<group>"; };
		9BAD8CE923FC7C7700DCE0AE /* Base */ = {isa = PBXFileReference; lastKnownFileType = file.storyboard; name = Base; path = Base.lproj/LaunchScreen.storyboard; sourceTree = "<group>"; };
		9BAD8CEB23FC7C7700DCE0AE /* Info.plist */ = {isa = PBXFileReference; lastKnownFileType = text.plist.xml; path = Info.plist; sourceTree = "<group>"; };
/* End PBXFileReference section */

/* Begin PBXFrameworksBuildPhase section */
		9BAD8CD723FC7C7300DCE0AE /* Frameworks */ = {
			isa = PBXFrameworksBuildPhase;
			buildActionMask = 2147483647;
			files = (
			);
			runOnlyForDeploymentPostprocessing = 0;
		};
/* End PBXFrameworksBuildPhase section */

/* Begin PBXGroup section */
		9BAD8CD123FC7C7300DCE0AE = {
			isa = PBXGroup;
			children = (
				9BAD8CDC23FC7C7300DCE0AE /* HW2.7 */,
				9BAD8CDB23FC7C7300DCE0AE /* Products */,
			);
			sourceTree = "<group>";
		};
		9BAD8CDB23FC7C7300DCE0AE /* Products */ = {
			isa = PBXGroup;
			children = (
				9BAD8CDA23FC7C7300DCE0AE /* HW2.7.app */,
			);
			name = Products;
			sourceTree = "<group>";
		};
		9BAD8CDC23FC7C7300DCE0AE /* HW2.7 */ = {
			isa = PBXGroup;
			children = (
				9BAD8CDD23FC7C7300DCE0AE /* AppDelegate.swift */,
				9BAD8CDF23FC7C7300DCE0AE /* SceneDelegate.swift */,
				9BAD8CE123FC7C7300DCE0AE /* ViewController.swift */,
				9BAD8CE323FC7C7300DCE0AE /* Main.storyboard */,
				9BAD8CE623FC7C7700DCE0AE /* Assets.xcassets */,
				9BAD8CE823FC7C7700DCE0AE /* LaunchScreen.storyboard */,
				9BAD8CEB23FC7C7700DCE0AE /* Info.plist */,
			);
			path = HW2.7;
			sourceTree = "<group>";
		};
/* End PBXGroup section */

/* Begin PBXNativeTarget section */
		9BAD8CD923FC7C7300DCE0AE /* HW2.7 */ = {
			isa = PBXNativeTarget;
			buildConfigurationList = 9BAD8CEE23FC7C7700DCE0AE /* Build configuration list for PBXNativeTarget "HW2.7" */;
			buildPhases = (
				9BAD8CD623FC7C7300DCE0AE /* Sources */,
				9BAD8CD723FC7C7300DCE0AE /* Frameworks */,
				9BAD8CD823FC7C7300DCE0AE /* Resources */,
			);
			buildRules = (
			);
			dependencies = (
			);
			name = HW2.7;
			productName = HW2.7;
			productReference = 9BAD8CDA23FC7C7300DCE0AE /* HW2.7.app */;
			productType = "com.apple.product-type.application";
		};
/* End PBXNativeTarget section */

/* Begin PBXProject section */
		9BAD8CD223FC7C7300DCE0AE /* Project object */ = {
			isa = PBXProject;
			attributes = {
				LastSwiftUpdateCheck = 1120;
				LastUpgradeCheck = 1120;
				ORGANIZATIONNAME = "Алексей Маслобоев";
				TargetAttributes = {
					9BAD8CD923FC7C7300DCE0AE = {
						CreatedOnToolsVersion = 11.2.1;
					};
				};
			};
			buildConfigurationList = 9BAD8CD523FC7C7300DCE0AE /* Build configuration list for PBXProject "HW2.7" */;
			compatibilityVersion = "Xcode 9.3";
			developmentRegion = en;
			hasScannedForEncodings = 0;
			knownRegions = (
				en,
				Base,
			);
			mainGroup = 9BAD8CD123FC7C7300DCE0AE;
			productRefGroup = 9BAD8CDB23FC7C7300DCE0AE /* Products */;
			projectDirPath = "";
			projectRoot = "";
			targets = (
				9BAD8CD923FC7C7300DCE0AE /* HW2.7 */,
			);
		};
/* End PBXProject section */

/* Begin PBXResourcesBuildPhase section */
		9BAD8CD823FC7C7300DCE0AE /* Resources */ = {
			isa = PBXResourcesBuildPhase;
			buildActionMask = 2147483647;
			files = (
				9BAD8CEA23FC7C7700DCE0AE /* LaunchScreen.storyboard in Resources */,
				9BAD8CE723FC7C7700DCE0AE /* Assets.xcassets in Resources */,
				9BAD8CE523FC7C7300DCE0AE /* Main.storyboard in Resources */,
			);
			runOnlyForDeploymentPostprocessing = 0;
		};
/* End PBXResourcesBuildPhase section */

/* Begin PBXSourcesBuildPhase section */
		9BAD8CD623FC7C7300DCE0AE /* Sources */ = {
			isa = PBXSourcesBuildPhase;
			buildActionMask = 2147483647;
			files = (
				9BAD8CE223FC7C7300DCE0AE /* ViewController.swift in Sources */,
				9BAD8CDE23FC7C7300DCE0AE /* AppDelegate.swift in Sources */,
				9BAD8CE023FC7C7300DCE0AE /* SceneDelegate.swift in Sources */,
			);
			runOnlyForDeploymentPostprocessing = 0;
		};
/* End PBXSourcesBuildPhase section */

/* Begin PBXVariantGroup section */
		9BAD8CE323FC7C7300DCE0AE /* Main.storyboard */ = {
			isa = PBXVariantGroup;
			children = (
				9BAD8CE423FC7C7300DCE0AE /* Base */,
			);
			name = Main.storyboard;
			sourceTree = "<group>";
		};
		9BAD8CE823FC7C7700DCE0AE /* LaunchScreen.storyboard */ = {
			isa = PBXVariantGroup;
			children = (
				9BAD8CE923FC7C7700DCE0AE /* Base */,
			);
			name = LaunchScreen.storyboard;
			sourceTree = "<group>";
		};
/* End PBXVariantGroup section */

/* Begin XCBuildConfiguration section */
		9BAD8CEC23FC7C7700DCE0AE /* Debug */ = {
			isa = XCBuildConfiguration;
			buildSettings = {
				ALWAYS_SEARCH_USER_PATHS = NO;
				CLANG_ANALYZER_NONNULL = YES;
				CLANG_ANALYZER_NUMBER_OBJECT_CONVERSION = YES_AGGRESSIVE;
				CLANG_CXX_LANGUAGE_STANDARD = "gnu++14";
				CLANG_CXX_LIBRARY = "libc++";
				CLANG_ENABLE_MODULES = YES;
				CLANG_ENABLE_OBJC_ARC = YES;
				CLANG_ENABLE_OBJC_WEAK = YES;
				CLANG_WARN_BLOCK_CAPTURE_AUTORELEASING = YES;
				CLANG_WARN_BOOL_CONVERSION = YES;
				CLANG_WARN_COMMA = YES;
				CLANG_WARN_CONSTANT_CONVERSION = YES;
				CLANG_WARN_DEPRECATED_OBJC_IMPLEMENTATIONS = YES;
				CLANG_WARN_DIRECT_OBJC_ISA_USAGE = YES_ERROR;
				CLANG_WARN_DOCUMENTATION_COMMENTS = YES;
				CLANG_WARN_EMPTY_BODY = YES;
				CLANG_WARN_ENUM_CONVERSION = YES;
				CLANG_WARN_INFINITE_RECURSION = YES;
				CLANG_WARN_INT_CONVERSION = YES;
				CLANG_WARN_NON_LITERAL_NULL_CONVERSION = YES;
				CLANG_WARN_OBJC_IMPLICIT_RETAIN_SELF = YES;
				CLANG_WARN_OBJC_LITERAL_CONVERSION = YES;
				CLANG_WARN_OBJC_ROOT_CLASS = YES_ERROR;
				CLANG_WARN_RANGE_LOOP_ANALYSIS = YES;
				CLANG_WARN_STRICT_PROTOTYPES = YES;
				CLANG_WARN_SUSPICIOUS_MOVE = YES;
				CLANG_WARN_UNGUARDED_AVAILABILITY = YES_AGGRESSIVE;
				CLANG_WARN_UNREACHABLE_CODE = YES;
				CLANG_WARN__DUPLICATE_METHOD_MATCH = YES;
				COPY_PHASE_STRIP = NO;
				DEBUG_INFORMATION_FORMAT = dwarf;
				ENABLE_STRICT_OBJC_MSGSEND = YES;
				ENABLE_TESTABILITY = YES;
				GCC_C_LANGUAGE_STANDARD = gnu11;
				GCC_DYNAMIC_NO_PIC = NO;
				GCC_NO_COMMON_BLOCKS = YES;
				GCC_OPTIMIZATION_LEVEL = 0;
				GCC_PREPROCESSOR_DEFINITIONS = (
					"DEBUG=1",
					"$(inherited)",
				);
				GCC_WARN_64_TO_32_BIT_CONVERSION = YES;
				GCC_WARN_ABOUT_RETURN_TYPE = YES_ERROR;
				GCC_WARN_UNDECLARED_SELECTOR = YES;
				GCC_WARN_UNINITIALIZED_AUTOS = YES_AGGRESSIVE;
				GCC_WARN_UNUSED_FUNCTION = YES;
				GCC_WARN_UNUSED_VARIABLE = YES;
				IPHONEOS_DEPLOYMENT_TARGET = 13.2;
				MTL_ENABLE_DEBUG_INFO = INCLUDE_SOURCE;
				MTL_FAST_MATH = YES;
				ONLY_ACTIVE_ARCH = YES;
				SDKROOT = iphoneos;
				SWIFT_ACTIVE_COMPILATION_CONDITIONS = DEBUG;
				SWIFT_OPTIMIZATION_LEVEL = "-Onone";
			};
			name = Debug;
		};
		9BAD8CED23FC7C7700DCE0AE /* Release */ = {
			isa = XCBuildConfiguration;
			buildSettings = {
				ALWAYS_SEARCH_USER_PATHS = NO;
				CLANG_ANALYZER_NONNULL = YES;
				CLANG_ANALYZER_NUMBER_OBJECT_CONVERSION = YES_AGGRESSIVE;
				CLANG_CXX_LANGUAGE_STANDARD = "gnu++14";
				CLANG_CXX_LIBRARY = "libc++";
				CLANG_ENABLE_MODULES = YES;
				CLANG_ENABLE_OBJC_ARC = YES;
				CLANG_ENABLE_OBJC_WEAK = YES;
				CLANG_WARN_BLOCK_CAPTURE_AUTORELEASING = YES;
				CLANG_WARN_BOOL_CONVERSION = YES;
				CLANG_WARN_COMMA = YES;
				CLANG_WARN_CONSTANT_CONVERSION = YES;
				CLANG_WARN_DEPRECATED_OBJC_IMPLEMENTATIONS = YES;
				CLANG_WARN_DIRECT_OBJC_ISA_USAGE = YES_ERROR;
				CLANG_WARN_DOCUMENTATION_COMMENTS = YES;
				CLANG_WARN_EMPTY_BODY = YES;
				CLANG_WARN_ENUM_CONVERSION = YES;
				CLANG_WARN_INFINITE_RECURSION = YES;
				CLANG_WARN_INT_CONVERSION = YES;
				CLANG_WARN_NON_LITERAL_NULL_CONVERSION = YES;
				CLANG_WARN_OBJC_IMPLICIT_RETAIN_SELF = YES;
				CLANG_WARN_OBJC_LITERAL_CONVERSION = YES;
				CLANG_WARN_OBJC_ROOT_CLASS = YES_ERROR;
				CLANG_WARN_RANGE_LOOP_ANALYSIS = YES;
				CLANG_WARN_STRICT_PROTOTYPES = YES;
				CLANG_WARN_SUSPICIOUS_MOVE = YES;
				CLANG_WARN_UNGUARDED_AVAILABILITY = YES_AGGRESSIVE;
				CLANG_WARN_UNREACHABLE_CODE = YES;
				CLANG_WARN__DUPLICATE_METHOD_MATCH = YES;
				COPY_PHASE_STRIP = NO;
				DEBUG_INFORMATION_FORMAT = "dwarf-with-dsym";
				ENABLE_NS_ASSERTIONS = NO;
				ENABLE_STRICT_OBJC_MSGSEND = YES;
				GCC_C_LANGUAGE_STANDARD = gnu11;
				GCC_NO_COMMON_BLOCKS = YES;
				GCC_WARN_64_TO_32_BIT_CONVERSION = YES;
				GCC_WARN_ABOUT_RETURN_TYPE = YES_ERROR;
				GCC_WARN_UNDECLARED_SELECTOR = YES;
				GCC_WARN_UNINITIALIZED_AUTOS = YES_AGGRESSIVE;
				GCC_WARN_UNUSED_FUNCTION = YES;
				GCC_WARN_UNUSED_VARIABLE = YES;
				IPHONEOS_DEPLOYMENT_TARGET = 13.2;
				MTL_ENABLE_DEBUG_INFO = NO;
				MTL_FAST_MATH = YES;
				SDKROOT = iphoneos;
				SWIFT_COMPILATION_MODE = wholemodule;
				SWIFT_OPTIMIZATION_LEVEL = "-O";
				VALIDATE_PRODUCT = YES;
			};
			name = Release;
		};
		9BAD8CEF23FC7C7700DCE0AE /* Debug */ = {
			isa = XCBuildConfiguration;
			buildSettings = {
				ASSETCATALOG_COMPILER_APPICON_NAME = AppIcon;
				CODE_SIGN_STYLE = Automatic;
				INFOPLIST_FILE = HW2.7/Info.plist;
				LD_RUNPATH_SEARCH_PATHS = (
					"$(inherited)",
					"@executable_path/Frameworks",
				);
				PRODUCT_BUNDLE_IDENTIFIER = "ru.smartdragon.HW2-7";
				PRODUCT_NAME = "$(TARGET_NAME)";
				SWIFT_VERSION = 5.0;
				TARGETED_DEVICE_FAMILY = "1,2";
			};
			name = Debug;
		};
		9BAD8CF023FC7C7700DCE0AE /* Release */ = {
			isa = XCBuildConfiguration;
			buildSettings = {
				ASSETCATALOG_COMPILER_APPICON_NAME = AppIcon;
				CODE_SIGN_STYLE = Automatic;
				INFOPLIST_FILE = HW2.7/Info.plist;
				LD_RUNPATH_SEARCH_PATHS = (
					"$(inherited)",
					"@executable_path/Frameworks",
				);
				PRODUCT_BUNDLE_IDENTIFIER = "ru.smartdragon.HW2-7";
				PRODUCT_NAME = "$(TARGET_NAME)";
				SWIFT_VERSION = 5.0;
				TARGETED_DEVICE_FAMILY = "1,2";
			};
			name = Release;
		};
/* End XCBuildConfiguration section */

/* Begin XCConfigurationList section */
		9BAD8CD523FC7C7300DCE0AE /* Build configuration list for PBXProject "HW2.7" */ = {
			isa = XCConfigurationList;
			buildConfigurations = (
				9BAD8CEC23FC7C7700DCE0AE /* Debug */,
				9BAD8CED23FC7C7700DCE0AE /* Release */,
			);
			defaultConfigurationIsVisible = 0;
			defaultConfigurationName = Release;
		};
		9BAD8CEE23FC7C7700DCE0AE /* Build configuration list for PBXNativeTarget "HW2.7" */ = {
			isa = XCConfigurationList;
			buildConfigurations = (
				9BAD8CEF23FC7C7700DCE0AE /* Debug */,
				9BAD8CF023FC7C7700DCE0AE /* Release */,
			);
			defaultConfigurationIsVisible = 0;
			defaultConfigurationName = Release;
		};
/* End XCConfigurationList section */
	};
	rootObject = 9BAD8CD223FC7C7300DCE0AE /* Project object */;
}
